// !$*UTF8*$!
{
	archiveVersion = 1;
	classes = {
	};
	objectVersion = 46;
	objects = {

/* Begin PBXBuildFile section */
		615B780D1EB64FBB006F59D8 /* LabelTableViewCell.swift in Sources */ = {isa = PBXBuildFile; fileRef = 615B780C1EB64FBB006F59D8 /* LabelTableViewCell.swift */; };
		615B780F1EB65418006F59D8 /* Labels.swift in Sources */ = {isa = PBXBuildFile; fileRef = 615B780E1EB65418006F59D8 /* Labels.swift */; };
		615B78111EB68661006F59D8 /* AddLabelViewController.swift in Sources */ = {isa = PBXBuildFile; fileRef = 615B78101EB68661006F59D8 /* AddLabelViewController.swift */; };
		615B78131EB69EDC006F59D8 /* LabelManager.swift in Sources */ = {isa = PBXBuildFile; fileRef = 615B78121EB69EDC006F59D8 /* LabelManager.swift */; };
		61C9BEFC1EBFEB500017C220 /* EditLabelViewController.swift in Sources */ = {isa = PBXBuildFile; fileRef = 61C9BEFB1EBFEB500017C220 /* EditLabelViewController.swift */; };
		61FF5CA91EC92EE30058CDA3 /* GroupManager.swift in Sources */ = {isa = PBXBuildFile; fileRef = 61FF5CA81EC92EE30058CDA3 /* GroupManager.swift */; };
		61FF5CAC1EC92FAC0058CDA3 /* GroupDataStoreServiceProtocol.swift in Sources */ = {isa = PBXBuildFile; fileRef = 61FF5CAB1EC92FAC0058CDA3 /* GroupDataStoreServiceProtocol.swift */; };
		61FF5CAE1EC92FEA0058CDA3 /* GroupDataStoreService.swift in Sources */ = {isa = PBXBuildFile; fileRef = 61FF5CAD1EC92FEA0058CDA3 /* GroupDataStoreService.swift */; };
		61FF5CB01EC955D60058CDA3 /* CircleTableViewCell.swift in Sources */ = {isa = PBXBuildFile; fileRef = 61FF5CAF1EC955D60058CDA3 /* CircleTableViewCell.swift */; };
		61FF5CB21EC966EA0058CDA3 /* CircleMembersViewController.swift in Sources */ = {isa = PBXBuildFile; fileRef = 61FF5CB11EC966EA0058CDA3 /* CircleMembersViewController.swift */; };
		61FF5CB41EC9869D0058CDA3 /* CircleContactTableViewCell.swift in Sources */ = {isa = PBXBuildFile; fileRef = 61FF5CB31EC9869D0058CDA3 /* CircleContactTableViewCell.swift */; };
		9543997C7F6C4C1BFF1777E2 /* Pods_GoTeamApp.framework in Frameworks */ = {isa = PBXBuildFile; fileRef = EA0026F3FB5EF194A301C1BA /* Pods_GoTeamApp.framework */; };
		E2256FDC1EC6DD2A005EF28A /* Group.swift in Sources */ = {isa = PBXBuildFile; fileRef = E2256FDB1EC6DD2A005EF28A /* Group.swift */; };
		E2256FDE1EC6DD44005EF28A /* GroupsViewController.swift in Sources */ = {isa = PBXBuildFile; fileRef = E2256FDD1EC6DD44005EF28A /* GroupsViewController.swift */; };
		E2256FE01EC6DD9A005EF28A /* TestLocations.gpx in Resources */ = {isa = PBXBuildFile; fileRef = E2256FDF1EC6DD9A005EF28A /* TestLocations.gpx */; };
		E27F528D1EC4590100D1C8E6 /* SpeechToTextAnnotationController.swift in Sources */ = {isa = PBXBuildFile; fileRef = E27F528C1EC4590100D1C8E6 /* SpeechToTextAnnotationController.swift */; };
		E27F528F1EC5A1E400D1C8E6 /* DateTimeUtil.swift in Sources */ = {isa = PBXBuildFile; fileRef = E27F528E1EC5A1E400D1C8E6 /* DateTimeUtil.swift */; };
		E2C9E12C1EBEDCBD00BBD78C /* Contact.swift in Sources */ = {isa = PBXBuildFile; fileRef = E2C9E12B1EBEDCBD00BBD78C /* Contact.swift */; };
		E2C9E12F1EBF10B900BBD78C /* ContactDataStoreServiceProtocol.swift in Sources */ = {isa = PBXBuildFile; fileRef = E2C9E12E1EBF10B900BBD78C /* ContactDataStoreServiceProtocol.swift */; };
		E2C9E1311EBF10D700BBD78C /* ContactDataStoreService.swift in Sources */ = {isa = PBXBuildFile; fileRef = E2C9E1301EBF10D700BBD78C /* ContactDataStoreService.swift */; };
		E2C9E1331EBF13D000BBD78C /* User.swift in Sources */ = {isa = PBXBuildFile; fileRef = E2C9E1321EBF13D000BBD78C /* User.swift */; };
		E2C9E1361EBF166700BBD78C /* DataStoreServiceErrorCodes.swift in Sources */ = {isa = PBXBuildFile; fileRef = E2C9E1351EBF166700BBD78C /* DataStoreServiceErrorCodes.swift */; };
		E2C9E1381EBF19FD00BBD78C /* ContactManager.swift in Sources */ = {isa = PBXBuildFile; fileRef = E2C9E1371EBF19FD00BBD78C /* ContactManager.swift */; };
		E2C9E13B1EBF943C00BBD78C /* DateTimeAnnotationController.swift in Sources */ = {isa = PBXBuildFile; fileRef = E2C9E13A1EBF943C00BBD78C /* DateTimeAnnotationController.swift */; };
		E2C9E13D1EBF945300BBD78C /* AnnotationControllerProtocol.swift in Sources */ = {isa = PBXBuildFile; fileRef = E2C9E13C1EBF945300BBD78C /* AnnotationControllerProtocol.swift */; };
		E2C9E13F1EC030AE00BBD78C /* LocationAnnotationController.swift in Sources */ = {isa = PBXBuildFile; fileRef = E2C9E13E1EC030AE00BBD78C /* LocationAnnotationController.swift */; };
		E2C9E1411EC0346D00BBD78C /* PriorityAnnotationController.swift in Sources */ = {isa = PBXBuildFile; fileRef = E2C9E1401EC0346D00BBD78C /* PriorityAnnotationController.swift */; };
		E2C9E1431EC0373000BBD78C /* RecurrenceAnnotationController.swift in Sources */ = {isa = PBXBuildFile; fileRef = E2C9E1421EC0373000BBD78C /* RecurrenceAnnotationController.swift */; };
		E2C9E1451EC0383700BBD78C /* LabelAnnotationController.swift in Sources */ = {isa = PBXBuildFile; fileRef = E2C9E1441EC0383700BBD78C /* LabelAnnotationController.swift */; };
		E2C9E1471EC03A7C00BBD78C /* ContactsAnnotationController.swift in Sources */ = {isa = PBXBuildFile; fileRef = E2C9E1461EC03A7C00BBD78C /* ContactsAnnotationController.swift */; };
		E2C9E1491EC2FD7100BBD78C /* FromDateTimeAnnotationController.swift in Sources */ = {isa = PBXBuildFile; fileRef = E2C9E1481EC2FD7100BBD78C /* FromDateTimeAnnotationController.swift */; };
		E2EE10AB1EBAE15000D9835A /* Regex.swift in Sources */ = {isa = PBXBuildFile; fileRef = E2EE10A91EBAE15000D9835A /* Regex.swift */; };
		E2EE10AC1EBAE15000D9835A /* TaskSpecialCharacters.swift in Sources */ = {isa = PBXBuildFile; fileRef = E2EE10AA1EBAE15000D9835A /* TaskSpecialCharacters.swift */; };
		E2EE10AF1EBAE35400D9835A /* CalendarViewController.swift in Sources */ = {isa = PBXBuildFile; fileRef = E2EE10AE1EBAE35400D9835A /* CalendarViewController.swift */; };
		E2F1C98D1EAF013A0034E0A7 /* AppDelegate.swift in Sources */ = {isa = PBXBuildFile; fileRef = E2F1C98C1EAF013A0034E0A7 /* AppDelegate.swift */; };
		E2F1C98F1EAF013A0034E0A7 /* TasksViewController.swift in Sources */ = {isa = PBXBuildFile; fileRef = E2F1C98E1EAF013A0034E0A7 /* TasksViewController.swift */; };
		E2F1C9911EAF013A0034E0A7 /* LabelsViewController.swift in Sources */ = {isa = PBXBuildFile; fileRef = E2F1C9901EAF013A0034E0A7 /* LabelsViewController.swift */; };
		E2F1C9941EAF013A0034E0A7 /* Main.storyboard in Resources */ = {isa = PBXBuildFile; fileRef = E2F1C9921EAF013A0034E0A7 /* Main.storyboard */; };
		E2F1C9961EAF013A0034E0A7 /* Assets.xcassets in Resources */ = {isa = PBXBuildFile; fileRef = E2F1C9951EAF013A0034E0A7 /* Assets.xcassets */; };
		E2F1C9991EAF013A0034E0A7 /* LaunchScreen.storyboard in Resources */ = {isa = PBXBuildFile; fileRef = E2F1C9971EAF013A0034E0A7 /* LaunchScreen.storyboard */; };
		E2F1C9A51EB1B6790034E0A7 /* TaskCell.swift in Sources */ = {isa = PBXBuildFile; fileRef = E2F1C9A41EB1B6790034E0A7 /* TaskCell.swift */; };
		E2F1C9A71EB1B7820034E0A7 /* TaskWithAnnotationsCell.swift in Sources */ = {isa = PBXBuildFile; fileRef = E2F1C9A61EB1B7820034E0A7 /* TaskWithAnnotationsCell.swift */; };
		E2F1C9AA1EB1B85A0034E0A7 /* Task.swift in Sources */ = {isa = PBXBuildFile; fileRef = E2F1C9A91EB1B85A0034E0A7 /* Task.swift */; };
		E2F1C9AC1EB1BEEB0034E0A7 /* AddTaskViewController.swift in Sources */ = {isa = PBXBuildFile; fileRef = E2F1C9AB1EB1BEEB0034E0A7 /* AddTaskViewController.swift */; };
		E2F1C9AE1EB1D7AA0034E0A7 /* AddTaskCell.swift in Sources */ = {isa = PBXBuildFile; fileRef = E2F1C9AD1EB1D7AA0034E0A7 /* AddTaskCell.swift */; };
		E2F1C9B01EB432DE0034E0A7 /* TaskManager.swift in Sources */ = {isa = PBXBuildFile; fileRef = E2F1C9AF1EB432DE0034E0A7 /* TaskManager.swift */; };
		E2F1C9B71EB522720034E0A7 /* TableCellUtil.swift in Sources */ = {isa = PBXBuildFile; fileRef = E2F1C9B61EB522720034E0A7 /* TableCellUtil.swift */; };
		E2F1C9BA1EB5297D0034E0A7 /* TableViewGenericDataSource.swift in Sources */ = {isa = PBXBuildFile; fileRef = E2F1C9B91EB5297D0034E0A7 /* TableViewGenericDataSource.swift */; };
		E2F1C9BC1EB52AB30034E0A7 /* ListManagerProtocol.swift in Sources */ = {isa = PBXBuildFile; fileRef = E2F1C9BB1EB52AB30034E0A7 /* ListManagerProtocol.swift */; };
		E2F1C9BE1EB52AED0034E0A7 /* ListItemProtocol.swift in Sources */ = {isa = PBXBuildFile; fileRef = E2F1C9BD1EB52AED0034E0A7 /* ListItemProtocol.swift */; };
		E2FEDA1C1EBD079E0020E3C0 /* TaskDataStoreServiceProtocol.swift in Sources */ = {isa = PBXBuildFile; fileRef = E2FEDA1B1EBD079E0020E3C0 /* TaskDataStoreServiceProtocol.swift */; };
		E2FEDA1F1EBD07BC0020E3C0 /* TaskDataStoreService.swift in Sources */ = {isa = PBXBuildFile; fileRef = E2FEDA1E1EBD07BC0020E3C0 /* TaskDataStoreService.swift */; };
		E2FEDA231EBD08950020E3C0 /* LabelDataStoreProtocol.swift in Sources */ = {isa = PBXBuildFile; fileRef = E2FEDA221EBD08950020E3C0 /* LabelDataStoreProtocol.swift */; };
		E2FEDA251EBD08A10020E3C0 /* LabelDataStore.swift in Sources */ = {isa = PBXBuildFile; fileRef = E2FEDA241EBD08A10020E3C0 /* LabelDataStore.swift */; };
		E2FEDA271EBD09460020E3C0 /* LocationDataStoreProtocol.swift in Sources */ = {isa = PBXBuildFile; fileRef = E2FEDA261EBD09460020E3C0 /* LocationDataStoreProtocol.swift */; };
		E2FEDA291EBD094E0020E3C0 /* LocationDataStore.swift in Sources */ = {isa = PBXBuildFile; fileRef = E2FEDA281EBD094E0020E3C0 /* LocationDataStore.swift */; };
		E2FEDA2C1EBD30840020E3C0 /* Resources.swift in Sources */ = {isa = PBXBuildFile; fileRef = E2FEDA2B1EBD30840020E3C0 /* Resources.swift */; };
		E2FEDA321EBEC27C0020E3C0 /* ContactsViewController.swift in Sources */ = {isa = PBXBuildFile; fileRef = E2FEDA311EBEC27C0020E3C0 /* ContactsViewController.swift */; };
		F415AA661EC89EC6006AF953 /* RegionDataStoreProtocol.swift in Sources */ = {isa = PBXBuildFile; fileRef = F415AA651EC89EC6006AF953 /* RegionDataStoreProtocol.swift */; };
		F415AA691EC89F44006AF953 /* RegionDataStore.swift in Sources */ = {isa = PBXBuildFile; fileRef = F415AA681EC89F44006AF953 /* RegionDataStore.swift */; };
		F41DE07D1EC86A7900DD9E6C /* RegionManager.swift in Sources */ = {isa = PBXBuildFile; fileRef = F41DE07C1EC86A7900DD9E6C /* RegionManager.swift */; };
		F41DE07F1EC86AD100DD9E6C /* Region.swift in Sources */ = {isa = PBXBuildFile; fileRef = F41DE07E1EC86AD100DD9E6C /* Region.swift */; };
		F44B85701EBC92B200FF489A /* SelectedLocationsManager.swift in Sources */ = {isa = PBXBuildFile; fileRef = F44B856F1EBC92B200FF489A /* SelectedLocationsManager.swift */; };
		F44B85721EBC9EDA00FF489A /* MapAlertController.swift in Sources */ = {isa = PBXBuildFile; fileRef = F44B85711EBC9EDA00FF489A /* MapAlertController.swift */; };
		F44B85741EBC9F4800FF489A /* MapAlertView.xib in Resources */ = {isa = PBXBuildFile; fileRef = F44B85731EBC9F4800FF489A /* MapAlertView.xib */; };
		F44B85761EBC9F6500FF489A /* MapAlertView.swift in Sources */ = {isa = PBXBuildFile; fileRef = F44B85751EBC9F6500FF489A /* MapAlertView.swift */; };
		F4635EA21EB62776008BDD0B /* LocationsViewController.swift in Sources */ = {isa = PBXBuildFile; fileRef = F4635E9E1EB62776008BDD0B /* LocationsViewController.swift */; };
		F4635EA31EB62776008BDD0B /* LocationSearchTable.swift in Sources */ = {isa = PBXBuildFile; fileRef = F4635E9F1EB62776008BDD0B /* LocationSearchTable.swift */; };
		F4635EA51EB62776008BDD0B /* LocationCell.swift in Sources */ = {isa = PBXBuildFile; fileRef = F4635EA11EB62776008BDD0B /* LocationCell.swift */; };
		F4635EA81EB627C1008BDD0B /* Location.swift in Sources */ = {isa = PBXBuildFile; fileRef = F4635EA71EB627C1008BDD0B /* Location.swift */; };
/* End PBXBuildFile section */

/* Begin PBXFileReference section */
		31B4651248491BEA88B12926 /* Pods-GoTeamApp.debug.xcconfig */ = {isa = PBXFileReference; includeInIndex = 1; lastKnownFileType = text.xcconfig; name = "Pods-GoTeamApp.debug.xcconfig"; path = "Pods/Target Support Files/Pods-GoTeamApp/Pods-GoTeamApp.debug.xcconfig"; sourceTree = "<group>"; };
		3C6BE0CBCD5FCF1ED8A0BBDA /* Pods-GoTeamApp.release.xcconfig */ = {isa = PBXFileReference; includeInIndex = 1; lastKnownFileType = text.xcconfig; name = "Pods-GoTeamApp.release.xcconfig"; path = "Pods/Target Support Files/Pods-GoTeamApp/Pods-GoTeamApp.release.xcconfig"; sourceTree = "<group>"; };
		615B780C1EB64FBB006F59D8 /* LabelTableViewCell.swift */ = {isa = PBXFileReference; fileEncoding = 4; lastKnownFileType = sourcecode.swift; path = LabelTableViewCell.swift; sourceTree = "<group>"; };
		615B780E1EB65418006F59D8 /* Labels.swift */ = {isa = PBXFileReference; fileEncoding = 4; lastKnownFileType = sourcecode.swift; path = Labels.swift; sourceTree = "<group>"; };
		615B78101EB68661006F59D8 /* AddLabelViewController.swift */ = {isa = PBXFileReference; fileEncoding = 4; lastKnownFileType = sourcecode.swift; path = AddLabelViewController.swift; sourceTree = "<group>"; };
		615B78121EB69EDC006F59D8 /* LabelManager.swift */ = {isa = PBXFileReference; fileEncoding = 4; lastKnownFileType = sourcecode.swift; path = LabelManager.swift; sourceTree = "<group>"; };
		61C9BEFB1EBFEB500017C220 /* EditLabelViewController.swift */ = {isa = PBXFileReference; fileEncoding = 4; lastKnownFileType = sourcecode.swift; path = EditLabelViewController.swift; sourceTree = "<group>"; };
		61FF5CA81EC92EE30058CDA3 /* GroupManager.swift */ = {isa = PBXFileReference; fileEncoding = 4; lastKnownFileType = sourcecode.swift; path = GroupManager.swift; sourceTree = "<group>"; };
		61FF5CAB1EC92FAC0058CDA3 /* GroupDataStoreServiceProtocol.swift */ = {isa = PBXFileReference; fileEncoding = 4; lastKnownFileType = sourcecode.swift; path = GroupDataStoreServiceProtocol.swift; sourceTree = "<group>"; };
		61FF5CAD1EC92FEA0058CDA3 /* GroupDataStoreService.swift */ = {isa = PBXFileReference; fileEncoding = 4; lastKnownFileType = sourcecode.swift; path = GroupDataStoreService.swift; sourceTree = "<group>"; };
		61FF5CAF1EC955D60058CDA3 /* CircleTableViewCell.swift */ = {isa = PBXFileReference; fileEncoding = 4; lastKnownFileType = sourcecode.swift; path = CircleTableViewCell.swift; sourceTree = "<group>"; };
		61FF5CB11EC966EA0058CDA3 /* CircleMembersViewController.swift */ = {isa = PBXFileReference; fileEncoding = 4; lastKnownFileType = sourcecode.swift; path = CircleMembersViewController.swift; sourceTree = "<group>"; };
		61FF5CB31EC9869D0058CDA3 /* CircleContactTableViewCell.swift */ = {isa = PBXFileReference; fileEncoding = 4; lastKnownFileType = sourcecode.swift; path = CircleContactTableViewCell.swift; sourceTree = "<group>"; };
		E2256FDB1EC6DD2A005EF28A /* Group.swift */ = {isa = PBXFileReference; fileEncoding = 4; lastKnownFileType = sourcecode.swift; path = Group.swift; sourceTree = "<group>"; };
		E2256FDD1EC6DD44005EF28A /* GroupsViewController.swift */ = {isa = PBXFileReference; fileEncoding = 4; lastKnownFileType = sourcecode.swift; path = GroupsViewController.swift; sourceTree = "<group>"; };
		E2256FDF1EC6DD9A005EF28A /* TestLocations.gpx */ = {isa = PBXFileReference; fileEncoding = 4; lastKnownFileType = text.xml; path = TestLocations.gpx; sourceTree = "<group>"; };
		E27F528C1EC4590100D1C8E6 /* SpeechToTextAnnotationController.swift */ = {isa = PBXFileReference; fileEncoding = 4; lastKnownFileType = sourcecode.swift; path = SpeechToTextAnnotationController.swift; sourceTree = "<group>"; };
		E27F528E1EC5A1E400D1C8E6 /* DateTimeUtil.swift */ = {isa = PBXFileReference; fileEncoding = 4; lastKnownFileType = sourcecode.swift; path = DateTimeUtil.swift; sourceTree = "<group>"; };
		E2C9E12B1EBEDCBD00BBD78C /* Contact.swift */ = {isa = PBXFileReference; fileEncoding = 4; lastKnownFileType = sourcecode.swift; path = Contact.swift; sourceTree = "<group>"; };
		E2C9E12E1EBF10B900BBD78C /* ContactDataStoreServiceProtocol.swift */ = {isa = PBXFileReference; fileEncoding = 4; lastKnownFileType = sourcecode.swift; path = ContactDataStoreServiceProtocol.swift; sourceTree = "<group>"; };
		E2C9E1301EBF10D700BBD78C /* ContactDataStoreService.swift */ = {isa = PBXFileReference; fileEncoding = 4; lastKnownFileType = sourcecode.swift; path = ContactDataStoreService.swift; sourceTree = "<group>"; };
		E2C9E1321EBF13D000BBD78C /* User.swift */ = {isa = PBXFileReference; fileEncoding = 4; lastKnownFileType = sourcecode.swift; path = User.swift; sourceTree = "<group>"; };
		E2C9E1351EBF166700BBD78C /* DataStoreServiceErrorCodes.swift */ = {isa = PBXFileReference; fileEncoding = 4; lastKnownFileType = sourcecode.swift; path = DataStoreServiceErrorCodes.swift; sourceTree = "<group>"; };
		E2C9E1371EBF19FD00BBD78C /* ContactManager.swift */ = {isa = PBXFileReference; fileEncoding = 4; lastKnownFileType = sourcecode.swift; path = ContactManager.swift; sourceTree = "<group>"; };
		E2C9E13A1EBF943C00BBD78C /* DateTimeAnnotationController.swift */ = {isa = PBXFileReference; fileEncoding = 4; lastKnownFileType = sourcecode.swift; path = DateTimeAnnotationController.swift; sourceTree = "<group>"; };
		E2C9E13C1EBF945300BBD78C /* AnnotationControllerProtocol.swift */ = {isa = PBXFileReference; fileEncoding = 4; lastKnownFileType = sourcecode.swift; path = AnnotationControllerProtocol.swift; sourceTree = "<group>"; };
		E2C9E13E1EC030AE00BBD78C /* LocationAnnotationController.swift */ = {isa = PBXFileReference; fileEncoding = 4; lastKnownFileType = sourcecode.swift; path = LocationAnnotationController.swift; sourceTree = "<group>"; };
		E2C9E1401EC0346D00BBD78C /* PriorityAnnotationController.swift */ = {isa = PBXFileReference; fileEncoding = 4; lastKnownFileType = sourcecode.swift; path = PriorityAnnotationController.swift; sourceTree = "<group>"; };
		E2C9E1421EC0373000BBD78C /* RecurrenceAnnotationController.swift */ = {isa = PBXFileReference; fileEncoding = 4; lastKnownFileType = sourcecode.swift; path = RecurrenceAnnotationController.swift; sourceTree = "<group>"; };
		E2C9E1441EC0383700BBD78C /* LabelAnnotationController.swift */ = {isa = PBXFileReference; fileEncoding = 4; lastKnownFileType = sourcecode.swift; path = LabelAnnotationController.swift; sourceTree = "<group>"; };
		E2C9E1461EC03A7C00BBD78C /* ContactsAnnotationController.swift */ = {isa = PBXFileReference; fileEncoding = 4; lastKnownFileType = sourcecode.swift; path = ContactsAnnotationController.swift; sourceTree = "<group>"; };
		E2C9E1481EC2FD7100BBD78C /* FromDateTimeAnnotationController.swift */ = {isa = PBXFileReference; fileEncoding = 4; lastKnownFileType = sourcecode.swift; path = FromDateTimeAnnotationController.swift; sourceTree = "<group>"; };
		E2EE10A91EBAE15000D9835A /* Regex.swift */ = {isa = PBXFileReference; fileEncoding = 4; lastKnownFileType = sourcecode.swift; path = Regex.swift; sourceTree = "<group>"; };
		E2EE10AA1EBAE15000D9835A /* TaskSpecialCharacters.swift */ = {isa = PBXFileReference; fileEncoding = 4; lastKnownFileType = sourcecode.swift; path = TaskSpecialCharacters.swift; sourceTree = "<group>"; };
		E2EE10AE1EBAE35400D9835A /* CalendarViewController.swift */ = {isa = PBXFileReference; fileEncoding = 4; lastKnownFileType = sourcecode.swift; path = CalendarViewController.swift; sourceTree = "<group>"; };
		E2F1C9891EAF013A0034E0A7 /* Go List.app */ = {isa = PBXFileReference; explicitFileType = wrapper.application; includeInIndex = 0; path = "Go List.app"; sourceTree = BUILT_PRODUCTS_DIR; };
		E2F1C98C1EAF013A0034E0A7 /* AppDelegate.swift */ = {isa = PBXFileReference; lastKnownFileType = sourcecode.swift; path = AppDelegate.swift; sourceTree = "<group>"; };
		E2F1C98E1EAF013A0034E0A7 /* TasksViewController.swift */ = {isa = PBXFileReference; lastKnownFileType = sourcecode.swift; path = TasksViewController.swift; sourceTree = "<group>"; };
		E2F1C9901EAF013A0034E0A7 /* LabelsViewController.swift */ = {isa = PBXFileReference; lastKnownFileType = sourcecode.swift; path = LabelsViewController.swift; sourceTree = "<group>"; };
		E2F1C9931EAF013A0034E0A7 /* Base */ = {isa = PBXFileReference; lastKnownFileType = file.storyboard; name = Base; path = Base.lproj/Main.storyboard; sourceTree = "<group>"; };
		E2F1C9951EAF013A0034E0A7 /* Assets.xcassets */ = {isa = PBXFileReference; lastKnownFileType = folder.assetcatalog; path = Assets.xcassets; sourceTree = "<group>"; };
		E2F1C9981EAF013A0034E0A7 /* Base */ = {isa = PBXFileReference; lastKnownFileType = file.storyboard; name = Base; path = Base.lproj/LaunchScreen.storyboard; sourceTree = "<group>"; };
		E2F1C99A1EAF013A0034E0A7 /* Info.plist */ = {isa = PBXFileReference; lastKnownFileType = text.plist.xml; path = Info.plist; sourceTree = "<group>"; };
		E2F1C9A41EB1B6790034E0A7 /* TaskCell.swift */ = {isa = PBXFileReference; fileEncoding = 4; lastKnownFileType = sourcecode.swift; path = TaskCell.swift; sourceTree = "<group>"; };
		E2F1C9A61EB1B7820034E0A7 /* TaskWithAnnotationsCell.swift */ = {isa = PBXFileReference; fileEncoding = 4; lastKnownFileType = sourcecode.swift; path = TaskWithAnnotationsCell.swift; sourceTree = "<group>"; };
		E2F1C9A91EB1B85A0034E0A7 /* Task.swift */ = {isa = PBXFileReference; fileEncoding = 4; lastKnownFileType = sourcecode.swift; path = Task.swift; sourceTree = "<group>"; };
		E2F1C9AB1EB1BEEB0034E0A7 /* AddTaskViewController.swift */ = {isa = PBXFileReference; fileEncoding = 4; lastKnownFileType = sourcecode.swift; path = AddTaskViewController.swift; sourceTree = "<group>"; };
		E2F1C9AD1EB1D7AA0034E0A7 /* AddTaskCell.swift */ = {isa = PBXFileReference; fileEncoding = 4; lastKnownFileType = sourcecode.swift; path = AddTaskCell.swift; sourceTree = "<group>"; };
		E2F1C9AF1EB432DE0034E0A7 /* TaskManager.swift */ = {isa = PBXFileReference; fileEncoding = 4; lastKnownFileType = sourcecode.swift; path = TaskManager.swift; sourceTree = "<group>"; };
		E2F1C9B61EB522720034E0A7 /* TableCellUtil.swift */ = {isa = PBXFileReference; fileEncoding = 4; lastKnownFileType = sourcecode.swift; path = TableCellUtil.swift; sourceTree = "<group>"; };
		E2F1C9B91EB5297D0034E0A7 /* TableViewGenericDataSource.swift */ = {isa = PBXFileReference; fileEncoding = 4; lastKnownFileType = sourcecode.swift; path = TableViewGenericDataSource.swift; sourceTree = "<group>"; };
		E2F1C9BB1EB52AB30034E0A7 /* ListManagerProtocol.swift */ = {isa = PBXFileReference; fileEncoding = 4; lastKnownFileType = sourcecode.swift; path = ListManagerProtocol.swift; sourceTree = "<group>"; };
		E2F1C9BD1EB52AED0034E0A7 /* ListItemProtocol.swift */ = {isa = PBXFileReference; fileEncoding = 4; lastKnownFileType = sourcecode.swift; path = ListItemProtocol.swift; sourceTree = "<group>"; };
		E2FEDA1B1EBD079E0020E3C0 /* TaskDataStoreServiceProtocol.swift */ = {isa = PBXFileReference; fileEncoding = 4; lastKnownFileType = sourcecode.swift; path = TaskDataStoreServiceProtocol.swift; sourceTree = "<group>"; };
		E2FEDA1E1EBD07BC0020E3C0 /* TaskDataStoreService.swift */ = {isa = PBXFileReference; fileEncoding = 4; lastKnownFileType = sourcecode.swift; path = TaskDataStoreService.swift; sourceTree = "<group>"; };
		E2FEDA221EBD08950020E3C0 /* LabelDataStoreProtocol.swift */ = {isa = PBXFileReference; fileEncoding = 4; lastKnownFileType = sourcecode.swift; path = LabelDataStoreProtocol.swift; sourceTree = "<group>"; };
		E2FEDA241EBD08A10020E3C0 /* LabelDataStore.swift */ = {isa = PBXFileReference; fileEncoding = 4; lastKnownFileType = sourcecode.swift; path = LabelDataStore.swift; sourceTree = "<group>"; };
		E2FEDA261EBD09460020E3C0 /* LocationDataStoreProtocol.swift */ = {isa = PBXFileReference; fileEncoding = 4; lastKnownFileType = sourcecode.swift; path = LocationDataStoreProtocol.swift; sourceTree = "<group>"; };
		E2FEDA281EBD094E0020E3C0 /* LocationDataStore.swift */ = {isa = PBXFileReference; fileEncoding = 4; lastKnownFileType = sourcecode.swift; path = LocationDataStore.swift; sourceTree = "<group>"; };
		E2FEDA2B1EBD30840020E3C0 /* Resources.swift */ = {isa = PBXFileReference; fileEncoding = 4; lastKnownFileType = sourcecode.swift; path = Resources.swift; sourceTree = "<group>"; };
		E2FEDA311EBEC27C0020E3C0 /* ContactsViewController.swift */ = {isa = PBXFileReference; fileEncoding = 4; lastKnownFileType = sourcecode.swift; path = ContactsViewController.swift; sourceTree = "<group>"; };
		EA0026F3FB5EF194A301C1BA /* Pods_GoTeamApp.framework */ = {isa = PBXFileReference; explicitFileType = wrapper.framework; includeInIndex = 0; path = Pods_GoTeamApp.framework; sourceTree = BUILT_PRODUCTS_DIR; };
		F415AA651EC89EC6006AF953 /* RegionDataStoreProtocol.swift */ = {isa = PBXFileReference; fileEncoding = 4; lastKnownFileType = sourcecode.swift; path = RegionDataStoreProtocol.swift; sourceTree = "<group>"; };
		F415AA681EC89F44006AF953 /* RegionDataStore.swift */ = {isa = PBXFileReference; fileEncoding = 4; lastKnownFileType = sourcecode.swift; path = RegionDataStore.swift; sourceTree = "<group>"; };
		F41DE07C1EC86A7900DD9E6C /* RegionManager.swift */ = {isa = PBXFileReference; fileEncoding = 4; lastKnownFileType = sourcecode.swift; path = RegionManager.swift; sourceTree = "<group>"; };
		F41DE07E1EC86AD100DD9E6C /* Region.swift */ = {isa = PBXFileReference; fileEncoding = 4; lastKnownFileType = sourcecode.swift; path = Region.swift; sourceTree = "<group>"; };
		F44B856F1EBC92B200FF489A /* SelectedLocationsManager.swift */ = {isa = PBXFileReference; fileEncoding = 4; lastKnownFileType = sourcecode.swift; path = SelectedLocationsManager.swift; sourceTree = "<group>"; };
		F44B85711EBC9EDA00FF489A /* MapAlertController.swift */ = {isa = PBXFileReference; fileEncoding = 4; lastKnownFileType = sourcecode.swift; path = MapAlertController.swift; sourceTree = "<group>"; };
		F44B85731EBC9F4800FF489A /* MapAlertView.xib */ = {isa = PBXFileReference; fileEncoding = 4; lastKnownFileType = file.xib; path = MapAlertView.xib; sourceTree = "<group>"; };
		F44B85751EBC9F6500FF489A /* MapAlertView.swift */ = {isa = PBXFileReference; fileEncoding = 4; lastKnownFileType = sourcecode.swift; path = MapAlertView.swift; sourceTree = "<group>"; };
		F4635E9E1EB62776008BDD0B /* LocationsViewController.swift */ = {isa = PBXFileReference; fileEncoding = 4; lastKnownFileType = sourcecode.swift; path = LocationsViewController.swift; sourceTree = "<group>"; };
		F4635E9F1EB62776008BDD0B /* LocationSearchTable.swift */ = {isa = PBXFileReference; fileEncoding = 4; lastKnownFileType = sourcecode.swift; path = LocationSearchTable.swift; sourceTree = "<group>"; };
		F4635EA11EB62776008BDD0B /* LocationCell.swift */ = {isa = PBXFileReference; fileEncoding = 4; lastKnownFileType = sourcecode.swift; path = LocationCell.swift; sourceTree = "<group>"; };
		F4635EA71EB627C1008BDD0B /* Location.swift */ = {isa = PBXFileReference; fileEncoding = 4; lastKnownFileType = sourcecode.swift; lineEnding = 0; path = Location.swift; sourceTree = "<group>"; xcLanguageSpecificationIdentifier = xcode.lang.swift; };
/* End PBXFileReference section */

/* Begin PBXFrameworksBuildPhase section */
		E2F1C9861EAF013A0034E0A7 /* Frameworks */ = {
			isa = PBXFrameworksBuildPhase;
			buildActionMask = 2147483647;
			files = (
				9543997C7F6C4C1BFF1777E2 /* Pods_GoTeamApp.framework in Frameworks */,
			);
			runOnlyForDeploymentPostprocessing = 0;
		};
/* End PBXFrameworksBuildPhase section */

/* Begin PBXGroup section */
		1F0C00C9286083450B99E0D5 /* Frameworks */ = {
			isa = PBXGroup;
			children = (
				EA0026F3FB5EF194A301C1BA /* Pods_GoTeamApp.framework */,
			);
			name = Frameworks;
			sourceTree = "<group>";
		};
		615B780B1EB64C8C006F59D8 /* Labels */ = {
			isa = PBXGroup;
			children = (
				E2F1C9901EAF013A0034E0A7 /* LabelsViewController.swift */,
				615B780C1EB64FBB006F59D8 /* LabelTableViewCell.swift */,
				615B78101EB68661006F59D8 /* AddLabelViewController.swift */,
				61C9BEFB1EBFEB500017C220 /* EditLabelViewController.swift */,
			);
			name = Labels;
			sourceTree = "<group>";
		};
		61FF5CAA1EC92F9B0058CDA3 /* Group */ = {
			isa = PBXGroup;
			children = (
				61FF5CAB1EC92FAC0058CDA3 /* GroupDataStoreServiceProtocol.swift */,
				61FF5CAD1EC92FEA0058CDA3 /* GroupDataStoreService.swift */,
			);
			name = Group;
			sourceTree = "<group>";
		};
		8B1B5B6C4D3A371C66FB3034 /* Pods */ = {
			isa = PBXGroup;
			children = (
				31B4651248491BEA88B12926 /* Pods-GoTeamApp.debug.xcconfig */,
				3C6BE0CBCD5FCF1ED8A0BBDA /* Pods-GoTeamApp.release.xcconfig */,
			);
			name = Pods;
			sourceTree = "<group>";
		};
		E2C9E12D1EBF0F8D00BBD78C /* Contact */ = {
			isa = PBXGroup;
			children = (
				E2C9E12E1EBF10B900BBD78C /* ContactDataStoreServiceProtocol.swift */,
				E2C9E1301EBF10D700BBD78C /* ContactDataStoreService.swift */,
			);
			name = Contact;
			sourceTree = "<group>";
		};
		E2C9E1341EBF165000BBD78C /* Common */ = {
			isa = PBXGroup;
			children = (
				E2C9E1351EBF166700BBD78C /* DataStoreServiceErrorCodes.swift */,
			);
			name = Common;
			sourceTree = "<group>";
		};
		E2C9E1391EBF942E00BBD78C /* Annotations */ = {
			isa = PBXGroup;
			children = (
				E2C9E13C1EBF945300BBD78C /* AnnotationControllerProtocol.swift */,
				E2C9E13A1EBF943C00BBD78C /* DateTimeAnnotationController.swift */,
				E2C9E13E1EC030AE00BBD78C /* LocationAnnotationController.swift */,
				E2C9E1401EC0346D00BBD78C /* PriorityAnnotationController.swift */,
				E2C9E1421EC0373000BBD78C /* RecurrenceAnnotationController.swift */,
				E2C9E1441EC0383700BBD78C /* LabelAnnotationController.swift */,
				E2C9E1461EC03A7C00BBD78C /* ContactsAnnotationController.swift */,
				E2C9E1481EC2FD7100BBD78C /* FromDateTimeAnnotationController.swift */,
				E27F528C1EC4590100D1C8E6 /* SpeechToTextAnnotationController.swift */,
			);
			name = Annotations;
			sourceTree = "<group>";
		};
		E2EE10AD1EBAE34B00D9835A /* Calendar */ = {
			isa = PBXGroup;
			children = (
				E2EE10AE1EBAE35400D9835A /* CalendarViewController.swift */,
			);
			name = Calendar;
			sourceTree = "<group>";
		};
		E2F1C9801EAF013A0034E0A7 = {
			isa = PBXGroup;
			children = (
				E2F1C98B1EAF013A0034E0A7 /* GoTeamApp */,
				E2F1C98A1EAF013A0034E0A7 /* Products */,
				8B1B5B6C4D3A371C66FB3034 /* Pods */,
				1F0C00C9286083450B99E0D5 /* Frameworks */,
			);
			sourceTree = "<group>";
		};
		E2F1C98A1EAF013A0034E0A7 /* Products */ = {
			isa = PBXGroup;
			children = (
				E2F1C9891EAF013A0034E0A7 /* Go List.app */,
			);
			name = Products;
			sourceTree = "<group>";
		};
		E2F1C98B1EAF013A0034E0A7 /* GoTeamApp */ = {
			isa = PBXGroup;
			children = (
				E2FEDA2A1EBD305E0020E3C0 /* Resources */,
				E2F1C9B51EB522680034E0A7 /* Utils */,
				E2F1C9A01EB1B4AA0034E0A7 /* UILayer */,
				E2F1C9A11EB1B4B70034E0A7 /* Application Layer */,
				E2F1C9A21EB1B4C30034E0A7 /* Service Layer */,
				E2F1C9A81EB1B84B0034E0A7 /* Entities */,
				E2F1C98C1EAF013A0034E0A7 /* AppDelegate.swift */,
				E2F1C9921EAF013A0034E0A7 /* Main.storyboard */,
				F44B85731EBC9F4800FF489A /* MapAlertView.xib */,
				E2F1C9951EAF013A0034E0A7 /* Assets.xcassets */,
				E2F1C9971EAF013A0034E0A7 /* LaunchScreen.storyboard */,
				E2F1C99A1EAF013A0034E0A7 /* Info.plist */,
			);
			path = GoTeamApp;
			sourceTree = "<group>";
		};
		E2F1C9A01EB1B4AA0034E0A7 /* UILayer */ = {
			isa = PBXGroup;
			children = (
				E2FEDA301EBEC26D0020E3C0 /* Contacts */,
				E2EE10AD1EBAE34B00D9835A /* Calendar */,
				615B780B1EB64C8C006F59D8 /* Labels */,
				E2F1C9B81EB5296F0034E0A7 /* Common */,
				F4635EA61EB62789008BDD0B /* Location */,
				E2F1C9A31EB1B6540034E0A7 /* Task */,
			);
			name = UILayer;
			sourceTree = "<group>";
		};
		E2F1C9A11EB1B4B70034E0A7 /* Application Layer */ = {
			isa = PBXGroup;
			children = (
				E2F1C9BB1EB52AB30034E0A7 /* ListManagerProtocol.swift */,
				E2F1C9AF1EB432DE0034E0A7 /* TaskManager.swift */,
				615B78121EB69EDC006F59D8 /* LabelManager.swift */,
				F44B856F1EBC92B200FF489A /* SelectedLocationsManager.swift */,
				E2C9E1371EBF19FD00BBD78C /* ContactManager.swift */,
				61FF5CA81EC92EE30058CDA3 /* GroupManager.swift */,
				F41DE07C1EC86A7900DD9E6C /* RegionManager.swift */,
			);
			name = "Application Layer";
			sourceTree = "<group>";
		};
		E2F1C9A21EB1B4C30034E0A7 /* Service Layer */ = {
			isa = PBXGroup;
			children = (
				61FF5CAA1EC92F9B0058CDA3 /* Group */,
				E2C9E1341EBF165000BBD78C /* Common */,
				E2C9E12D1EBF0F8D00BBD78C /* Contact */,
				E2FEDA2D1EBD55870020E3C0 /* User */,
				E2FEDA211EBD087D0020E3C0 /* Locations */,
				E2FEDA201EBD08680020E3C0 /* Labels */,
				E2FEDA1D1EBD07A90020E3C0 /* Tasks */,
				F415AA671EC89ED4006AF953 /* Regions */,
			);
			name = "Service Layer";
			sourceTree = "<group>";
		};
		E2F1C9A31EB1B6540034E0A7 /* Task */ = {
			isa = PBXGroup;
			children = (
				E2C9E1391EBF942E00BBD78C /* Annotations */,
				E2F1C98E1EAF013A0034E0A7 /* TasksViewController.swift */,
				E2F1C9A41EB1B6790034E0A7 /* TaskCell.swift */,
				E2F1C9A61EB1B7820034E0A7 /* TaskWithAnnotationsCell.swift */,
				E2F1C9AB1EB1BEEB0034E0A7 /* AddTaskViewController.swift */,
				E2F1C9AD1EB1D7AA0034E0A7 /* AddTaskCell.swift */,
			);
			name = Task;
			sourceTree = "<group>";
		};
		E2F1C9A81EB1B84B0034E0A7 /* Entities */ = {
			isa = PBXGroup;
			children = (
				E2256FDB1EC6DD2A005EF28A /* Group.swift */,
				E2F1C9BD1EB52AED0034E0A7 /* ListItemProtocol.swift */,
				F4635EA71EB627C1008BDD0B /* Location.swift */,
				E2F1C9A91EB1B85A0034E0A7 /* Task.swift */,
				615B780E1EB65418006F59D8 /* Labels.swift */,
				E2C9E12B1EBEDCBD00BBD78C /* Contact.swift */,
				F41DE07E1EC86AD100DD9E6C /* Region.swift */,
			);
			name = Entities;
			sourceTree = "<group>";
		};
		E2F1C9B51EB522680034E0A7 /* Utils */ = {
			isa = PBXGroup;
			children = (
				E2EE10A91EBAE15000D9835A /* Regex.swift */,
				E2EE10AA1EBAE15000D9835A /* TaskSpecialCharacters.swift */,
				E2F1C9B61EB522720034E0A7 /* TableCellUtil.swift */,
				E27F528E1EC5A1E400D1C8E6 /* DateTimeUtil.swift */,
			);
			name = Utils;
			sourceTree = "<group>";
		};
		E2F1C9B81EB5296F0034E0A7 /* Common */ = {
			isa = PBXGroup;
			children = (
				E2F1C9B91EB5297D0034E0A7 /* TableViewGenericDataSource.swift */,
			);
			name = Common;
			sourceTree = "<group>";
		};
		E2FEDA1D1EBD07A90020E3C0 /* Tasks */ = {
			isa = PBXGroup;
			children = (
				E2FEDA1B1EBD079E0020E3C0 /* TaskDataStoreServiceProtocol.swift */,
				E2FEDA1E1EBD07BC0020E3C0 /* TaskDataStoreService.swift */,
			);
			name = Tasks;
			sourceTree = "<group>";
		};
		E2FEDA201EBD08680020E3C0 /* Labels */ = {
			isa = PBXGroup;
			children = (
				E2FEDA221EBD08950020E3C0 /* LabelDataStoreProtocol.swift */,
				E2FEDA241EBD08A10020E3C0 /* LabelDataStore.swift */,
			);
			name = Labels;
			sourceTree = "<group>";
		};
		E2FEDA211EBD087D0020E3C0 /* Locations */ = {
			isa = PBXGroup;
			children = (
				E2FEDA261EBD09460020E3C0 /* LocationDataStoreProtocol.swift */,
				E2FEDA281EBD094E0020E3C0 /* LocationDataStore.swift */,
			);
			name = Locations;
			sourceTree = "<group>";
		};
		E2FEDA2A1EBD305E0020E3C0 /* Resources */ = {
			isa = PBXGroup;
			children = (
				E2256FDF1EC6DD9A005EF28A /* TestLocations.gpx */,
				E2FEDA2B1EBD30840020E3C0 /* Resources.swift */,
			);
			name = Resources;
			sourceTree = "<group>";
		};
		E2FEDA2D1EBD55870020E3C0 /* User */ = {
			isa = PBXGroup;
			children = (
				E2C9E1321EBF13D000BBD78C /* User.swift */,
			);
			name = User;
			sourceTree = "<group>";
		};
		E2FEDA301EBEC26D0020E3C0 /* Contacts */ = {
			isa = PBXGroup;
			children = (
				E2256FDD1EC6DD44005EF28A /* GroupsViewController.swift */,
				E2FEDA311EBEC27C0020E3C0 /* ContactsViewController.swift */,
				61FF5CAF1EC955D60058CDA3 /* CircleTableViewCell.swift */,
				61FF5CB11EC966EA0058CDA3 /* CircleMembersViewController.swift */,
				61FF5CB31EC9869D0058CDA3 /* CircleContactTableViewCell.swift */,
			);
			name = Contacts;
			sourceTree = "<group>";
		};
		F415AA671EC89ED4006AF953 /* Regions */ = {
			isa = PBXGroup;
			children = (
				F415AA651EC89EC6006AF953 /* RegionDataStoreProtocol.swift */,
				F415AA681EC89F44006AF953 /* RegionDataStore.swift */,
			);
			name = Regions;
			sourceTree = "<group>";
		};
		F4635EA61EB62789008BDD0B /* Location */ = {
			isa = PBXGroup;
			children = (
				F4635E9E1EB62776008BDD0B /* LocationsViewController.swift */,
				F4635E9F1EB62776008BDD0B /* LocationSearchTable.swift */,
				F4635EA11EB62776008BDD0B /* LocationCell.swift */,
				F44B85751EBC9F6500FF489A /* MapAlertView.swift */,
				F44B85711EBC9EDA00FF489A /* MapAlertController.swift */,
			);
			name = Location;
			sourceTree = "<group>";
		};
/* End PBXGroup section */

/* Begin PBXNativeTarget section */
		E2F1C9881EAF013A0034E0A7 /* GoTeamApp */ = {
			isa = PBXNativeTarget;
			buildConfigurationList = E2F1C99D1EAF013A0034E0A7 /* Build configuration list for PBXNativeTarget "GoTeamApp" */;
			buildPhases = (
				1F99B31E3CE2EA5840C12714 /* [CP] Check Pods Manifest.lock */,
				E2F1C9851EAF013A0034E0A7 /* Sources */,
				E2F1C9861EAF013A0034E0A7 /* Frameworks */,
				E2F1C9871EAF013A0034E0A7 /* Resources */,
				0C52F0008EC69509D5282402 /* [CP] Embed Pods Frameworks */,
				8ADFCEAC9DD4F8ECD28DB6C1 /* [CP] Copy Pods Resources */,
			);
			buildRules = (
			);
			dependencies = (
			);
			name = GoTeamApp;
			productName = GoTeamApp;
			productReference = E2F1C9891EAF013A0034E0A7 /* Go List.app */;
			productType = "com.apple.product-type.application";
		};
/* End PBXNativeTarget section */

/* Begin PBXProject section */
		E2F1C9811EAF013A0034E0A7 /* Project object */ = {
			isa = PBXProject;
			attributes = {
				LastSwiftUpdateCheck = 0800;
				LastUpgradeCheck = 0800;
				ORGANIZATIONNAME = AkshayBhandary;
				TargetAttributes = {
					E2F1C9881EAF013A0034E0A7 = {
						CreatedOnToolsVersion = 8.0;
						DevelopmentTeam = S6JSG6FHB3;
						ProvisioningStyle = Automatic;
					};
				};
			};
			buildConfigurationList = E2F1C9841EAF013A0034E0A7 /* Build configuration list for PBXProject "GoTeamApp" */;
			compatibilityVersion = "Xcode 3.2";
			developmentRegion = English;
			hasScannedForEncodings = 0;
			knownRegions = (
				en,
				Base,
			);
			mainGroup = E2F1C9801EAF013A0034E0A7;
			productRefGroup = E2F1C98A1EAF013A0034E0A7 /* Products */;
			projectDirPath = "";
			projectRoot = "";
			targets = (
				E2F1C9881EAF013A0034E0A7 /* GoTeamApp */,
			);
		};
/* End PBXProject section */

/* Begin PBXResourcesBuildPhase section */
		E2F1C9871EAF013A0034E0A7 /* Resources */ = {
			isa = PBXResourcesBuildPhase;
			buildActionMask = 2147483647;
			files = (
				E2F1C9991EAF013A0034E0A7 /* LaunchScreen.storyboard in Resources */,
				E2F1C9961EAF013A0034E0A7 /* Assets.xcassets in Resources */,
				F44B85741EBC9F4800FF489A /* MapAlertView.xib in Resources */,
				E2256FE01EC6DD9A005EF28A /* TestLocations.gpx in Resources */,
				E2F1C9941EAF013A0034E0A7 /* Main.storyboard in Resources */,
			);
			runOnlyForDeploymentPostprocessing = 0;
		};
/* End PBXResourcesBuildPhase section */

/* Begin PBXShellScriptBuildPhase section */
		0C52F0008EC69509D5282402 /* [CP] Embed Pods Frameworks */ = {
			isa = PBXShellScriptBuildPhase;
			buildActionMask = 2147483647;
			files = (
			);
			inputPaths = (
			);
			name = "[CP] Embed Pods Frameworks";
			outputPaths = (
			);
			runOnlyForDeploymentPostprocessing = 0;
			shellPath = /bin/sh;
			shellScript = "\"${SRCROOT}/Pods/Target Support Files/Pods-GoTeamApp/Pods-GoTeamApp-frameworks.sh\"\n";
			showEnvVarsInLog = 0;
		};
		1F99B31E3CE2EA5840C12714 /* [CP] Check Pods Manifest.lock */ = {
			isa = PBXShellScriptBuildPhase;
			buildActionMask = 2147483647;
			files = (
			);
			inputPaths = (
			);
			name = "[CP] Check Pods Manifest.lock";
			outputPaths = (
			);
			runOnlyForDeploymentPostprocessing = 0;
			shellPath = /bin/sh;
			shellScript = "diff \"${PODS_ROOT}/../Podfile.lock\" \"${PODS_ROOT}/Manifest.lock\" > /dev/null\nif [ $? != 0 ] ; then\n    # print error to STDERR\n    echo \"error: The sandbox is not in sync with the Podfile.lock. Run 'pod install' or update your CocoaPods installation.\" >&2\n    exit 1\nfi\n";
			showEnvVarsInLog = 0;
		};
		8ADFCEAC9DD4F8ECD28DB6C1 /* [CP] Copy Pods Resources */ = {
			isa = PBXShellScriptBuildPhase;
			buildActionMask = 2147483647;
			files = (
			);
			inputPaths = (
			);
			name = "[CP] Copy Pods Resources";
			outputPaths = (
			);
			runOnlyForDeploymentPostprocessing = 0;
			shellPath = /bin/sh;
			shellScript = "\"${SRCROOT}/Pods/Target Support Files/Pods-GoTeamApp/Pods-GoTeamApp-resources.sh\"\n";
			showEnvVarsInLog = 0;
		};
/* End PBXShellScriptBuildPhase section */

/* Begin PBXSourcesBuildPhase section */
		E2F1C9851EAF013A0034E0A7 /* Sources */ = {
			isa = PBXSourcesBuildPhase;
			buildActionMask = 2147483647;
			files = (
				E2FEDA1F1EBD07BC0020E3C0 /* TaskDataStoreService.swift in Sources */,
				615B78131EB69EDC006F59D8 /* LabelManager.swift in Sources */,
				F44B85761EBC9F6500FF489A /* MapAlertView.swift in Sources */,
				F415AA691EC89F44006AF953 /* RegionDataStore.swift in Sources */,
				E2C9E1311EBF10D700BBD78C /* ContactDataStoreService.swift in Sources */,
				E2FEDA1C1EBD079E0020E3C0 /* TaskDataStoreServiceProtocol.swift in Sources */,
				E2F1C9B01EB432DE0034E0A7 /* TaskManager.swift in Sources */,
				E2F1C9AE1EB1D7AA0034E0A7 /* AddTaskCell.swift in Sources */,
				F44B85721EBC9EDA00FF489A /* MapAlertController.swift in Sources */,
				E2256FDC1EC6DD2A005EF28A /* Group.swift in Sources */,
				F4635EA81EB627C1008BDD0B /* Location.swift in Sources */,
				615B78111EB68661006F59D8 /* AddLabelViewController.swift in Sources */,
				F41DE07F1EC86AD100DD9E6C /* Region.swift in Sources */,
				E2C9E1431EC0373000BBD78C /* RecurrenceAnnotationController.swift in Sources */,
				E2F1C9BE1EB52AED0034E0A7 /* ListItemProtocol.swift in Sources */,
				F44B85701EBC92B200FF489A /* SelectedLocationsManager.swift in Sources */,
				F4635EA21EB62776008BDD0B /* LocationsViewController.swift in Sources */,
				E2C9E13F1EC030AE00BBD78C /* LocationAnnotationController.swift in Sources */,
				E2F1C9BC1EB52AB30034E0A7 /* ListManagerProtocol.swift in Sources */,
				E27F528D1EC4590100D1C8E6 /* SpeechToTextAnnotationController.swift in Sources */,
				E27F528F1EC5A1E400D1C8E6 /* DateTimeUtil.swift in Sources */,
				61FF5CA91EC92EE30058CDA3 /* GroupManager.swift in Sources */,
				E2F1C9B71EB522720034E0A7 /* TableCellUtil.swift in Sources */,
				E2F1C9A51EB1B6790034E0A7 /* TaskCell.swift in Sources */,
				61FF5CAE1EC92FEA0058CDA3 /* GroupDataStoreService.swift in Sources */,
				E2C9E1491EC2FD7100BBD78C /* FromDateTimeAnnotationController.swift in Sources */,
				F415AA661EC89EC6006AF953 /* RegionDataStoreProtocol.swift in Sources */,
				F41DE07D1EC86A7900DD9E6C /* RegionManager.swift in Sources */,
				615B780F1EB65418006F59D8 /* Labels.swift in Sources */,
				E2F1C9BA1EB5297D0034E0A7 /* TableViewGenericDataSource.swift in Sources */,
				615B780D1EB64FBB006F59D8 /* LabelTableViewCell.swift in Sources */,
				E2F1C9911EAF013A0034E0A7 /* LabelsViewController.swift in Sources */,
				E2F1C98D1EAF013A0034E0A7 /* AppDelegate.swift in Sources */,
				E2C9E1471EC03A7C00BBD78C /* ContactsAnnotationController.swift in Sources */,
				61FF5CAC1EC92FAC0058CDA3 /* GroupDataStoreServiceProtocol.swift in Sources */,
				E2C9E12F1EBF10B900BBD78C /* ContactDataStoreServiceProtocol.swift in Sources */,
				61FF5CB21EC966EA0058CDA3 /* CircleMembersViewController.swift in Sources */,
				E2C9E12C1EBEDCBD00BBD78C /* Contact.swift in Sources */,
				E2FEDA321EBEC27C0020E3C0 /* ContactsViewController.swift in Sources */,
				E2FEDA251EBD08A10020E3C0 /* LabelDataStore.swift in Sources */,
				61FF5CB41EC9869D0058CDA3 /* CircleContactTableViewCell.swift in Sources */,
				61FF5CB01EC955D60058CDA3 /* CircleTableViewCell.swift in Sources */,
				E2C9E1451EC0383700BBD78C /* LabelAnnotationController.swift in Sources */,
				E2FEDA231EBD08950020E3C0 /* LabelDataStoreProtocol.swift in Sources */,
				E2F1C98F1EAF013A0034E0A7 /* TasksViewController.swift in Sources */,
				E2C9E1381EBF19FD00BBD78C /* ContactManager.swift in Sources */,
				E2C9E1331EBF13D000BBD78C /* User.swift in Sources */,
				E2FEDA291EBD094E0020E3C0 /* LocationDataStore.swift in Sources */,
				E2FEDA2C1EBD30840020E3C0 /* Resources.swift in Sources */,
				E2F1C9AA1EB1B85A0034E0A7 /* Task.swift in Sources */,
				E2C9E1361EBF166700BBD78C /* DataStoreServiceErrorCodes.swift in Sources */,
				61C9BEFC1EBFEB500017C220 /* EditLabelViewController.swift in Sources */,
				E2C9E13D1EBF945300BBD78C /* AnnotationControllerProtocol.swift in Sources */,
				E2EE10AC1EBAE15000D9835A /* TaskSpecialCharacters.swift in Sources */,
				E2C9E1411EC0346D00BBD78C /* PriorityAnnotationController.swift in Sources */,
				F4635EA51EB62776008BDD0B /* LocationCell.swift in Sources */,
				E2EE10AB1EBAE15000D9835A /* Regex.swift in Sources */,
				E2C9E13B1EBF943C00BBD78C /* DateTimeAnnotationController.swift in Sources */,
				E2256FDE1EC6DD44005EF28A /* GroupsViewController.swift in Sources */,
				F4635EA31EB62776008BDD0B /* LocationSearchTable.swift in Sources */,
				E2FEDA271EBD09460020E3C0 /* LocationDataStoreProtocol.swift in Sources */,
				E2EE10AF1EBAE35400D9835A /* CalendarViewController.swift in Sources */,
				E2F1C9A71EB1B7820034E0A7 /* TaskWithAnnotationsCell.swift in Sources */,
				E2F1C9AC1EB1BEEB0034E0A7 /* AddTaskViewController.swift in Sources */,
			);
			runOnlyForDeploymentPostprocessing = 0;
		};
/* End PBXSourcesBuildPhase section */

/* Begin PBXVariantGroup section */
		E2F1C9921EAF013A0034E0A7 /* Main.storyboard */ = {
			isa = PBXVariantGroup;
			children = (
				E2F1C9931EAF013A0034E0A7 /* Base */,
			);
			name = Main.storyboard;
			sourceTree = "<group>";
		};
		E2F1C9971EAF013A0034E0A7 /* LaunchScreen.storyboard */ = {
			isa = PBXVariantGroup;
			children = (
				E2F1C9981EAF013A0034E0A7 /* Base */,
			);
			name = LaunchScreen.storyboard;
			sourceTree = "<group>";
		};
/* End PBXVariantGroup section */

/* Begin XCBuildConfiguration section */
		E2F1C99B1EAF013A0034E0A7 /* Debug */ = {
			isa = XCBuildConfiguration;
			buildSettings = {
				ALWAYS_SEARCH_USER_PATHS = NO;
				CLANG_ANALYZER_NONNULL = YES;
				CLANG_CXX_LANGUAGE_STANDARD = "gnu++0x";
				CLANG_CXX_LIBRARY = "libc++";
				CLANG_ENABLE_MODULES = YES;
				CLANG_ENABLE_OBJC_ARC = YES;
				CLANG_WARN_BOOL_CONVERSION = YES;
				CLANG_WARN_CONSTANT_CONVERSION = YES;
				CLANG_WARN_DIRECT_OBJC_ISA_USAGE = YES_ERROR;
				CLANG_WARN_DOCUMENTATION_COMMENTS = YES;
				CLANG_WARN_EMPTY_BODY = YES;
				CLANG_WARN_ENUM_CONVERSION = YES;
				CLANG_WARN_INFINITE_RECURSION = YES;
				CLANG_WARN_INT_CONVERSION = YES;
				CLANG_WARN_OBJC_ROOT_CLASS = YES_ERROR;
				CLANG_WARN_SUSPICIOUS_MOVES = YES;
				CLANG_WARN_UNREACHABLE_CODE = YES;
				CLANG_WARN__DUPLICATE_METHOD_MATCH = YES;
				"CODE_SIGN_IDENTITY[sdk=iphoneos*]" = "iPhone Developer";
				COPY_PHASE_STRIP = NO;
				DEBUG_INFORMATION_FORMAT = dwarf;
				ENABLE_STRICT_OBJC_MSGSEND = YES;
				ENABLE_TESTABILITY = YES;
				GCC_C_LANGUAGE_STANDARD = gnu99;
				GCC_DYNAMIC_NO_PIC = NO;
				GCC_NO_COMMON_BLOCKS = YES;
				GCC_OPTIMIZATION_LEVEL = 0;
				GCC_PREPROCESSOR_DEFINITIONS = (
					"DEBUG=1",
					"$(inherited)",
				);
				GCC_WARN_64_TO_32_BIT_CONVERSION = YES;
				GCC_WARN_ABOUT_RETURN_TYPE = YES_ERROR;
				GCC_WARN_UNDECLARED_SELECTOR = YES;
				GCC_WARN_UNINITIALIZED_AUTOS = YES_AGGRESSIVE;
				GCC_WARN_UNUSED_FUNCTION = YES;
				GCC_WARN_UNUSED_VARIABLE = YES;
				IPHONEOS_DEPLOYMENT_TARGET = 10.0;
				MTL_ENABLE_DEBUG_INFO = YES;
				ONLY_ACTIVE_ARCH = YES;
				SDKROOT = iphoneos;
				SWIFT_ACTIVE_COMPILATION_CONDITIONS = DEBUG;
				SWIFT_OPTIMIZATION_LEVEL = "-Onone";
				TARGETED_DEVICE_FAMILY = "1,2";
			};
			name = Debug;
		};
		E2F1C99C1EAF013A0034E0A7 /* Release */ = {
			isa = XCBuildConfiguration;
			buildSettings = {
				ALWAYS_SEARCH_USER_PATHS = NO;
				CLANG_ANALYZER_NONNULL = YES;
				CLANG_CXX_LANGUAGE_STANDARD = "gnu++0x";
				CLANG_CXX_LIBRARY = "libc++";
				CLANG_ENABLE_MODULES = YES;
				CLANG_ENABLE_OBJC_ARC = YES;
				CLANG_WARN_BOOL_CONVERSION = YES;
				CLANG_WARN_CONSTANT_CONVERSION = YES;
				CLANG_WARN_DIRECT_OBJC_ISA_USAGE = YES_ERROR;
				CLANG_WARN_DOCUMENTATION_COMMENTS = YES;
				CLANG_WARN_EMPTY_BODY = YES;
				CLANG_WARN_ENUM_CONVERSION = YES;
				CLANG_WARN_INFINITE_RECURSION = YES;
				CLANG_WARN_INT_CONVERSION = YES;
				CLANG_WARN_OBJC_ROOT_CLASS = YES_ERROR;
				CLANG_WARN_SUSPICIOUS_MOVES = YES;
				CLANG_WARN_UNREACHABLE_CODE = YES;
				CLANG_WARN__DUPLICATE_METHOD_MATCH = YES;
				"CODE_SIGN_IDENTITY[sdk=iphoneos*]" = "iPhone Developer";
				COPY_PHASE_STRIP = NO;
				DEBUG_INFORMATION_FORMAT = "dwarf-with-dsym";
				ENABLE_NS_ASSERTIONS = NO;
				ENABLE_STRICT_OBJC_MSGSEND = YES;
				GCC_C_LANGUAGE_STANDARD = gnu99;
				GCC_NO_COMMON_BLOCKS = YES;
				GCC_WARN_64_TO_32_BIT_CONVERSION = YES;
				GCC_WARN_ABOUT_RETURN_TYPE = YES_ERROR;
				GCC_WARN_UNDECLARED_SELECTOR = YES;
				GCC_WARN_UNINITIALIZED_AUTOS = YES_AGGRESSIVE;
				GCC_WARN_UNUSED_FUNCTION = YES;
				GCC_WARN_UNUSED_VARIABLE = YES;
				IPHONEOS_DEPLOYMENT_TARGET = 10.0;
				MTL_ENABLE_DEBUG_INFO = NO;
				SDKROOT = iphoneos;
				SWIFT_OPTIMIZATION_LEVEL = "-Owholemodule";
				TARGETED_DEVICE_FAMILY = "1,2";
				VALIDATE_PRODUCT = YES;
			};
			name = Release;
		};
		E2F1C99E1EAF013A0034E0A7 /* Debug */ = {
			isa = XCBuildConfiguration;
			baseConfigurationReference = 31B4651248491BEA88B12926 /* Pods-GoTeamApp.debug.xcconfig */;
			buildSettings = {
				ASSETCATALOG_COMPILER_APPICON_NAME = AppIcon;
				DEVELOPMENT_TEAM = S6JSG6FHB3;
				INFOPLIST_FILE = GoTeamApp/Info.plist;
				LD_RUNPATH_SEARCH_PATHS = "$(inherited) @executable_path/Frameworks";
				PRODUCT_BUNDLE_IDENTIFIER = AkshayBhandary.GoTeamApp;
				PRODUCT_NAME = "Go List";
				SWIFT_VERSION = 3.0;
			};
			name = Debug;
		};
		E2F1C99F1EAF013A0034E0A7 /* Release */ = {
			isa = XCBuildConfiguration;
			baseConfigurationReference = 3C6BE0CBCD5FCF1ED8A0BBDA /* Pods-GoTeamApp.release.xcconfig */;
			buildSettings = {
				ASSETCATALOG_COMPILER_APPICON_NAME = AppIcon;
				DEVELOPMENT_TEAM = S6JSG6FHB3;
				INFOPLIST_FILE = GoTeamApp/Info.plist;
				LD_RUNPATH_SEARCH_PATHS = "$(inherited) @executable_path/Frameworks";
				PRODUCT_BUNDLE_IDENTIFIER = AkshayBhandary.GoTeamApp;
				PRODUCT_NAME = "Go List";
				SWIFT_VERSION = 3.0;
			};
			name = Release;
		};
/* End XCBuildConfiguration section */

/* Begin XCConfigurationList section */
		E2F1C9841EAF013A0034E0A7 /* Build configuration list for PBXProject "GoTeamApp" */ = {
			isa = XCConfigurationList;
			buildConfigurations = (
				E2F1C99B1EAF013A0034E0A7 /* Debug */,
				E2F1C99C1EAF013A0034E0A7 /* Release */,
			);
			defaultConfigurationIsVisible = 0;
			defaultConfigurationName = Release;
		};
		E2F1C99D1EAF013A0034E0A7 /* Build configuration list for PBXNativeTarget "GoTeamApp" */ = {
			isa = XCConfigurationList;
			buildConfigurations = (
				E2F1C99E1EAF013A0034E0A7 /* Debug */,
				E2F1C99F1EAF013A0034E0A7 /* Release */,
			);
			defaultConfigurationIsVisible = 0;
			defaultConfigurationName = Release;
		};
/* End XCConfigurationList section */
	};
	rootObject = E2F1C9811EAF013A0034E0A7 /* Project object */;
}
